
Microsoft Visual Studio Solution File, Format Version 12.00
# Visual Studio Version 17
VisualStudioVersion = 17.7.34202.233
MinimumVisualStudioVersion = 10.0.40219.1
Project("{8BC9CEB8-8B4A-11D0-8D11-00A0C91BC942}") = "WhileLoops_TimesTables", "WhileLoops_TimesTables.vcxproj", "{3FFF86A7-3886-403C-8FF4-6D34922D2AC4}"
EndProject
Global
	GlobalSection(SolutionConfigurationPlatforms) = preSolution
		Debug|x64 = Debug|x64
		Debug|x86 = Debug|x86
		Release|x64 = Release|x64
		Release|x86 = Release|x86
	EndGlobalSection
	GlobalSection(ProjectConfigurationPlatforms) = postSolution
		{3FFF86A7-3886-403C-8FF4-6D34922D2AC4}.Debug|x64.ActiveCfg = Debug|x64
		{3FFF86A7-3886-403C-8FF4-6D34922D2AC4}.Debug|x64.Build.0 = Debug|x64
		{3FFF86A7-3886-403C-8FF4-6D34922D2AC4}.Debug|x86.ActiveCfg = Debug|Win32
		{3FFF86A7-3886-403C-8FF4-6D34922D2AC4}.Debug|x86.Build.0 = Debug|Win32
		{3FFF86A7-3886-403C-8FF4-6D34922D2AC4}.Release|x64.ActiveCfg = Release|x64
		{3FFF86A7-3886-403C-8FF4-6D34922D2AC4}.Release|x64.Build.0 = Release|x64
		{3FFF86A7-3886-403C-8FF4-6D34922D2AC4}.Release|x86.ActiveCfg = Release|Win32
		{3FFF86A7-3886-403C-8FF4-6D34922D2AC4}.Release|x86.Build.0 = Release|Win32
	EndGlobalSection
	GlobalSection(SolutionProperties) = preSolution
		HideSolutionNode = FALSE
	EndGlobalSection
	GlobalSection(ExtensibilityGlobals) = postSolution
		SolutionGuid = {0C8D9641-C8DF-4449-82B6-48E9BA4297B8}
	EndGlobalSection
EndGlobal
